
Microsoft Visual Studio Solution File, Format Version 12.00
# Visual Studio Version 16
VisualStudioVersion = 16.0.30413.136
MinimumVisualStudioVersion = 10.0.40219.1
Project("{FAE04EC0-301F-11D3-BF4B-00C04F79EFBC}") = "MyProject.AnonymousTypes", "MyProject.AnonymousTypes\MyProject.AnonymousTypes.csproj", "{D39BBC3A-F740-4B41-82DC-75B4CEB59CC2}"
EndProject
Project("{FAE04EC0-301F-11D3-BF4B-00C04F79EFBC}") = "MyProject.AnonymousTypesTests", "MyProject.AnonymousTypesTests\MyProject.AnonymousTypesTests.csproj", "{511A357A-24A8-4902-A63A-84972CC3685B}"
EndProject
Global
	GlobalSection(SolutionConfigurationPlatforms) = preSolution
		Debug|Any CPU = Debug|Any CPU
		Release|Any CPU = Release|Any CPU
	EndGlobalSection
	GlobalSection(ProjectConfigurationPlatforms) = postSolution
		{D39BBC3A-F740-4B41-82DC-75B4CEB59CC2}.Debug|Any CPU.ActiveCfg = Debug|Any CPU
		{D39BBC3A-F740-4B41-82DC-75B4CEB59CC2}.Debug|Any CPU.Build.0 = Debug|Any CPU
		{D39BBC3A-F740-4B41-82DC-75B4CEB59CC2}.Release|Any CPU.ActiveCfg = Release|Any CPU
		{D39BBC3A-F740-4B41-82DC-75B4CEB59CC2}.Release|Any CPU.Build.0 = Release|Any CPU
		{511A357A-24A8-4902-A63A-84972CC3685B}.Debug|Any CPU.ActiveCfg = Debug|Any CPU
		{511A357A-24A8-4902-A63A-84972CC3685B}.Debug|Any CPU.Build.0 = Debug|Any CPU
		{511A357A-24A8-4902-A63A-84972CC3685B}.Release|Any CPU.ActiveCfg = Release|Any CPU
		{511A357A-24A8-4902-A63A-84972CC3685B}.Release|Any CPU.Build.0 = Release|Any CPU
	EndGlobalSection
	GlobalSection(SolutionProperties) = preSolution
		HideSolutionNode = FALSE
	EndGlobalSection
	GlobalSection(ExtensibilityGlobals) = postSolution
		SolutionGuid = {8793C444-F5B1-476A-BC36-32C4EAC065A7}
	EndGlobalSection
EndGlobal
